
Microsoft Visual Studio Solution File, Format Version 12.00
# Visual Studio Version 16
VisualStudioVersion = 16.0.29209.62
MinimumVisualStudioVersion = 10.0.40219.1
Project("{FAE04EC0-301F-11D3-BF4B-00C04F79EFBC}") = "VOR Training Station", "VOR Training Station\VOR Training Station.csproj", "{064DEE90-851D-4874-9184-D386EFE0B517}"
	ProjectSection(ProjectDependencies) = postProject
		{7E40EDA9-4086-4B0B-8947-C5EF307F6813} = {7E40EDA9-4086-4B0B-8947-C5EF307F6813}
	EndProjectSection
EndProject
Project("{8BC9CEB8-8B4A-11D0-8D11-00A0C91BC942}") = "KinectScan", "..\KinectScan\KinectScan\KinectScan.vcxproj", "{7E40EDA9-4086-4B0B-8947-C5EF307F6813}"
EndProject
Project("{FAE04EC0-301F-11D3-BF4B-00C04F79EFBC}") = "BasicCameraViewer", "BasicCameraViewer\BasicCameraViewer.csproj", "{60BFD955-EDD0-4F61-A8BB-3BA3E39F8EBC}"
EndProject
Project("{8BC9CEB8-8B4A-11D0-8D11-00A0C91BC942}") = "KinectLib", "..\KinectScan\KinectLib\KinectLib.vcxproj", "{68A30243-5FF6-41D6-8EF8-65447D95B1D7}"
EndProject
Project("{8BC9CEB8-8B4A-11D0-8D11-00A0C91BC942}") = "AssociateDevToSerialNum", "AssociateDevToSerialNum\AssociateDevToSerialNum.vcxproj", "{24B45EEE-F5D8-40DB-9874-B63CB44F210D}"
EndProject
Project("{FAE04EC0-301F-11D3-BF4B-00C04F79EFBC}") = "APIUnitTest", "APIUnitTest\APIUnitTest.csproj", "{19A93B1A-982B-4A23-8AAA-398B3B094345}"
EndProject
Project("{FAE04EC0-301F-11D3-BF4B-00C04F79EFBC}") = "tensorAPItest", "tensorAPItest\tensorAPItest.csproj", "{67A7CCCB-8F93-4CDB-8640-F85F0A18AE32}"
EndProject
Global
	GlobalSection(SolutionConfigurationPlatforms) = preSolution
		Debug|Any CPU = Debug|Any CPU
		Debug|ARM = Debug|ARM
		Debug|ARM64 = Debug|ARM64
		Debug|x64 = Debug|x64
		Debug|x86 = Debug|x86
		Release|Any CPU = Release|Any CPU
		Release|ARM = Release|ARM
		Release|ARM64 = Release|ARM64
		Release|x64 = Release|x64
		Release|x86 = Release|x86
	EndGlobalSection
	GlobalSection(ProjectConfigurationPlatforms) = postSolution
		{064DEE90-851D-4874-9184-D386EFE0B517}.Debug|Any CPU.ActiveCfg = Debug|Any CPU
		{064DEE90-851D-4874-9184-D386EFE0B517}.Debug|Any CPU.Build.0 = Debug|Any CPU
		{064DEE90-851D-4874-9184-D386EFE0B517}.Debug|ARM.ActiveCfg = Debug|Any CPU
		{064DEE90-851D-4874-9184-D386EFE0B517}.Debug|ARM.Build.0 = Debug|Any CPU
		{064DEE90-851D-4874-9184-D386EFE0B517}.Debug|ARM64.ActiveCfg = Debug|Any CPU
		{064DEE90-851D-4874-9184-D386EFE0B517}.Debug|ARM64.Build.0 = Debug|Any CPU
		{064DEE90-851D-4874-9184-D386EFE0B517}.Debug|x64.ActiveCfg = Debug|Any CPU
		{064DEE90-851D-4874-9184-D386EFE0B517}.Debug|x64.Build.0 = Debug|Any CPU
		{064DEE90-851D-4874-9184-D386EFE0B517}.Debug|x86.ActiveCfg = Debug|Any CPU
		{064DEE90-851D-4874-9184-D386EFE0B517}.Debug|x86.Build.0 = Debug|Any CPU
		{064DEE90-851D-4874-9184-D386EFE0B517}.Release|Any CPU.ActiveCfg = Release|Any CPU
		{064DEE90-851D-4874-9184-D386EFE0B517}.Release|Any CPU.Build.0 = Release|Any CPU
		{064DEE90-851D-4874-9184-D386EFE0B517}.Release|ARM.ActiveCfg = Release|Any CPU
		{064DEE90-851D-4874-9184-D386EFE0B517}.Release|ARM.Build.0 = Release|Any CPU
		{064DEE90-851D-4874-9184-D386EFE0B517}.Release|ARM64.ActiveCfg = Release|Any CPU
		{064DEE90-851D-4874-9184-D386EFE0B517}.Release|ARM64.Build.0 = Release|Any CPU
		{064DEE90-851D-4874-9184-D386EFE0B517}.Release|x64.ActiveCfg = Release|Any CPU
		{064DEE90-851D-4874-9184-D386EFE0B517}.Release|x64.Build.0 = Release|Any CPU
		{064DEE90-851D-4874-9184-D386EFE0B517}.Release|x86.ActiveCfg = Release|Any CPU
		{064DEE90-851D-4874-9184-D386EFE0B517}.Release|x86.Build.0 = Release|Any CPU
		{7E40EDA9-4086-4B0B-8947-C5EF307F6813}.Debug|Any CPU.ActiveCfg = Debug|Win32
		{7E40EDA9-4086-4B0B-8947-C5EF307F6813}.Debug|ARM.ActiveCfg = Debug|Win32
		{7E40EDA9-4086-4B0B-8947-C5EF307F6813}.Debug|ARM64.ActiveCfg = Debug|Win32
		{7E40EDA9-4086-4B0B-8947-C5EF307F6813}.Debug|x64.ActiveCfg = Debug|x64
		{7E40EDA9-4086-4B0B-8947-C5EF307F6813}.Debug|x64.Build.0 = Debug|x64
		{7E40EDA9-4086-4B0B-8947-C5EF307F6813}.Debug|x86.ActiveCfg = Debug|Win32
		{7E40EDA9-4086-4B0B-8947-C5EF307F6813}.Debug|x86.Build.0 = Debug|Win32
		{7E40EDA9-4086-4B0B-8947-C5EF307F6813}.Release|Any CPU.ActiveCfg = Release|Win32
		{7E40EDA9-4086-4B0B-8947-C5EF307F6813}.Release|ARM.ActiveCfg = Release|Win32
		{7E40EDA9-4086-4B0B-8947-C5EF307F6813}.Release|ARM64.ActiveCfg = Release|Win32
		{7E40EDA9-4086-4B0B-8947-C5EF307F6813}.Release|x64.ActiveCfg = Release|x64
		{7E40EDA9-4086-4B0B-8947-C5EF307F6813}.Release|x64.Build.0 = Release|x64
		{7E40EDA9-4086-4B0B-8947-C5EF307F6813}.Release|x86.ActiveCfg = Release|Win32
		{7E40EDA9-4086-4B0B-8947-C5EF307F6813}.Release|x86.Build.0 = Release|Win32
		{60BFD955-EDD0-4F61-A8BB-3BA3E39F8EBC}.Debug|Any CPU.ActiveCfg = Debug|Any CPU
		{60BFD955-EDD0-4F61-A8BB-3BA3E39F8EBC}.Debug|Any CPU.Build.0 = Debug|Any CPU
		{60BFD955-EDD0-4F61-A8BB-3BA3E39F8EBC}.Debug|ARM.ActiveCfg = Debug|Any CPU
		{60BFD955-EDD0-4F61-A8BB-3BA3E39F8EBC}.Debug|ARM.Build.0 = Debug|Any CPU
		{60BFD955-EDD0-4F61-A8BB-3BA3E39F8EBC}.Debug|ARM64.ActiveCfg = Debug|Any CPU
		{60BFD955-EDD0-4F61-A8BB-3BA3E39F8EBC}.Debug|ARM64.Build.0 = Debug|Any CPU
		{60BFD955-EDD0-4F61-A8BB-3BA3E39F8EBC}.Debug|x64.ActiveCfg = Debug|Any CPU
		{60BFD955-EDD0-4F61-A8BB-3BA3E39F8EBC}.Debug|x64.Build.0 = Debug|Any CPU
		{60BFD955-EDD0-4F61-A8BB-3BA3E39F8EBC}.Debug|x86.ActiveCfg = Debug|Any CPU
		{60BFD955-EDD0-4F61-A8BB-3BA3E39F8EBC}.Debug|x86.Build.0 = Debug|Any CPU
		{60BFD955-EDD0-4F61-A8BB-3BA3E39F8EBC}.Release|Any CPU.ActiveCfg = Release|Any CPU
		{60BFD955-EDD0-4F61-A8BB-3BA3E39F8EBC}.Release|Any CPU.Build.0 = Release|Any CPU
		{60BFD955-EDD0-4F61-A8BB-3BA3E39F8EBC}.Release|ARM.ActiveCfg = Release|Any CPU
		{60BFD955-EDD0-4F61-A8BB-3BA3E39F8EBC}.Release|ARM.Build.0 = Release|Any CPU
		{60BFD955-EDD0-4F61-A8BB-3BA3E39F8EBC}.Release|ARM64.ActiveCfg = Release|Any CPU
		{60BFD955-EDD0-4F61-A8BB-3BA3E39F8EBC}.Release|ARM64.Build.0 = Release|Any CPU
		{60BFD955-EDD0-4F61-A8BB-3BA3E39F8EBC}.Release|x64.ActiveCfg = Release|Any CPU
		{60BFD955-EDD0-4F61-A8BB-3BA3E39F8EBC}.Release|x64.Build.0 = Release|Any CPU
		{60BFD955-EDD0-4F61-A8BB-3BA3E39F8EBC}.Release|x86.ActiveCfg = Release|Any CPU
		{60BFD955-EDD0-4F61-A8BB-3BA3E39F8EBC}.Release|x86.Build.0 = Release|Any CPU
		{68A30243-5FF6-41D6-8EF8-65447D95B1D7}.Debug|Any CPU.ActiveCfg = Debug|Win32
		{68A30243-5FF6-41D6-8EF8-65447D95B1D7}.Debug|ARM.ActiveCfg = Debug|Win32
		{68A30243-5FF6-41D6-8EF8-65447D95B1D7}.Debug|ARM64.ActiveCfg = Debug|Win32
		{68A30243-5FF6-41D6-8EF8-65447D95B1D7}.Debug|x64.ActiveCfg = Debug|x64
		{68A30243-5FF6-41D6-8EF8-65447D95B1D7}.Debug|x64.Build.0 = Debug|x64
		{68A30243-5FF6-41D6-8EF8-65447D95B1D7}.Debug|x86.ActiveCfg = Debug|Win32
		{68A30243-5FF6-41D6-8EF8-65447D95B1D7}.Debug|x86.Build.0 = Debug|Win32
		{68A30243-5FF6-41D6-8EF8-65447D95B1D7}.Release|Any CPU.ActiveCfg = Release|Win32
		{68A30243-5FF6-41D6-8EF8-65447D95B1D7}.Release|ARM.ActiveCfg = Release|Win32
		{68A30243-5FF6-41D6-8EF8-65447D95B1D7}.Release|ARM64.ActiveCfg = Release|Win32
		{68A30243-5FF6-41D6-8EF8-65447D95B1D7}.Release|x64.ActiveCfg = Release|x64
		{68A30243-5FF6-41D6-8EF8-65447D95B1D7}.Release|x64.Build.0 = Release|x64
		{68A30243-5FF6-41D6-8EF8-65447D95B1D7}.Release|x86.ActiveCfg = Release|Win32
		{68A30243-5FF6-41D6-8EF8-65447D95B1D7}.Release|x86.Build.0 = Release|Win32
		{24B45EEE-F5D8-40DB-9874-B63CB44F210D}.Debug|Any CPU.ActiveCfg = Debug|Win32
		{24B45EEE-F5D8-40DB-9874-B63CB44F210D}.Debug|ARM.ActiveCfg = Debug|Win32
		{24B45EEE-F5D8-40DB-9874-B63CB44F210D}.Debug|ARM64.ActiveCfg = Debug|Win32
		{24B45EEE-F5D8-40DB-9874-B63CB44F210D}.Debug|x64.ActiveCfg = Debug|x64
		{24B45EEE-F5D8-40DB-9874-B63CB44F210D}.Debug|x64.Build.0 = Debug|x64
		{24B45EEE-F5D8-40DB-9874-B63CB44F210D}.Debug|x86.ActiveCfg = Debug|Win32
		{24B45EEE-F5D8-40DB-9874-B63CB44F210D}.Debug|x86.Build.0 = Debug|Win32
		{24B45EEE-F5D8-40DB-9874-B63CB44F210D}.Release|Any CPU.ActiveCfg = Release|Win32
		{24B45EEE-F5D8-40DB-9874-B63CB44F210D}.Release|ARM.ActiveCfg = Release|Win32
		{24B45EEE-F5D8-40DB-9874-B63CB44F210D}.Release|ARM64.ActiveCfg = Release|Win32
		{24B45EEE-F5D8-40DB-9874-B63CB44F210D}.Release|x64.ActiveCfg = Release|x64
		{24B45EEE-F5D8-40DB-9874-B63CB44F210D}.Release|x64.Build.0 = Release|x64
		{24B45EEE-F5D8-40DB-9874-B63CB44F210D}.Release|x86.ActiveCfg = Release|Win32
		{24B45EEE-F5D8-40DB-9874-B63CB44F210D}.Release|x86.Build.0 = Release|Win32
		{19A93B1A-982B-4A23-8AAA-398B3B094345}.Debug|Any CPU.ActiveCfg = Debug|Any CPU
		{19A93B1A-982B-4A23-8AAA-398B3B094345}.Debug|Any CPU.Build.0 = Debug|Any CPU
		{19A93B1A-982B-4A23-8AAA-398B3B094345}.Debug|ARM.ActiveCfg = Debug|Any CPU
		{19A93B1A-982B-4A23-8AAA-398B3B094345}.Debug|ARM.Build.0 = Debug|Any CPU
		{19A93B1A-982B-4A23-8AAA-398B3B094345}.Debug|ARM64.ActiveCfg = Debug|Any CPU
		{19A93B1A-982B-4A23-8AAA-398B3B094345}.Debug|ARM64.Build.0 = Debug|Any CPU
		{19A93B1A-982B-4A23-8AAA-398B3B094345}.Debug|x64.ActiveCfg = Debug|Any CPU
		{19A93B1A-982B-4A23-8AAA-398B3B094345}.Debug|x64.Build.0 = Debug|Any CPU
		{19A93B1A-982B-4A23-8AAA-398B3B094345}.Debug|x86.ActiveCfg = Debug|Any CPU
		{19A93B1A-982B-4A23-8AAA-398B3B094345}.Debug|x86.Build.0 = Debug|Any CPU
		{19A93B1A-982B-4A23-8AAA-398B3B094345}.Release|Any CPU.ActiveCfg = Release|Any CPU
		{19A93B1A-982B-4A23-8AAA-398B3B094345}.Release|Any CPU.Build.0 = Release|Any CPU
		{19A93B1A-982B-4A23-8AAA-398B3B094345}.Release|ARM.ActiveCfg = Release|Any CPU
		{19A93B1A-982B-4A23-8AAA-398B3B094345}.Release|ARM.Build.0 = Release|Any CPU
		{19A93B1A-982B-4A23-8AAA-398B3B094345}.Release|ARM64.ActiveCfg = Release|Any CPU
		{19A93B1A-982B-4A23-8AAA-398B3B094345}.Release|ARM64.Build.0 = Release|Any CPU
		{19A93B1A-982B-4A23-8AAA-398B3B094345}.Release|x64.ActiveCfg = Release|Any CPU
		{19A93B1A-982B-4A23-8AAA-398B3B094345}.Release|x64.Build.0 = Release|Any CPU
		{19A93B1A-982B-4A23-8AAA-398B3B094345}.Release|x86.ActiveCfg = Release|Any CPU
		{19A93B1A-982B-4A23-8AAA-398B3B094345}.Release|x86.Build.0 = Release|Any CPU
		{67A7CCCB-8F93-4CDB-8640-F85F0A18AE32}.Debug|Any CPU.ActiveCfg = Debug|Any CPU
		{67A7CCCB-8F93-4CDB-8640-F85F0A18AE32}.Debug|Any CPU.Build.0 = Debug|Any CPU
		{67A7CCCB-8F93-4CDB-8640-F85F0A18AE32}.Debug|ARM.ActiveCfg = Debug|Any CPU
		{67A7CCCB-8F93-4CDB-8640-F85F0A18AE32}.Debug|ARM.Build.0 = Debug|Any CPU
		{67A7CCCB-8F93-4CDB-8640-F85F0A18AE32}.Debug|ARM64.ActiveCfg = Debug|Any CPU
		{67A7CCCB-8F93-4CDB-8640-F85F0A18AE32}.Debug|ARM64.Build.0 = Debug|Any CPU
		{67A7CCCB-8F93-4CDB-8640-F85F0A18AE32}.Debug|x64.ActiveCfg = Debug|Any CPU
		{67A7CCCB-8F93-4CDB-8640-F85F0A18AE32}.Debug|x64.Build.0 = Debug|Any CPU
		{67A7CCCB-8F93-4CDB-8640-F85F0A18AE32}.Debug|x86.ActiveCfg = Debug|Any CPU
		{67A7CCCB-8F93-4CDB-8640-F85F0A18AE32}.Debug|x86.Build.0 = Debug|Any CPU
		{67A7CCCB-8F93-4CDB-8640-F85F0A18AE32}.Release|Any CPU.ActiveCfg = Release|Any CPU
		{67A7CCCB-8F93-4CDB-8640-F85F0A18AE32}.Release|Any CPU.Build.0 = Release|Any CPU
		{67A7CCCB-8F93-4CDB-8640-F85F0A18AE32}.Release|ARM.ActiveCfg = Release|Any CPU
		{67A7CCCB-8F93-4CDB-8640-F85F0A18AE32}.Release|ARM.Build.0 = Release|Any CPU
		{67A7CCCB-8F93-4CDB-8640-F85F0A18AE32}.Release|ARM64.ActiveCfg = Release|Any CPU
		{67A7CCCB-8F93-4CDB-8640-F85F0A18AE32}.Release|ARM64.Build.0 = Release|Any CPU
		{67A7CCCB-8F93-4CDB-8640-F85F0A18AE32}.Release|x64.ActiveCfg = Release|Any CPU
		{67A7CCCB-8F93-4CDB-8640-F85F0A18AE32}.Release|x64.Build.0 = Release|Any CPU
		{67A7CCCB-8F93-4CDB-8640-F85F0A18AE32}.Release|x86.ActiveCfg = Release|Any CPU
		{67A7CCCB-8F93-4CDB-8640-F85F0A18AE32}.Release|x86.Build.0 = Release|Any CPU
	EndGlobalSection
	GlobalSection(SolutionProperties) = preSolution
		HideSolutionNode = FALSE
	EndGlobalSection
	GlobalSection(ExtensibilityGlobals) = postSolution
		SolutionGuid = {5A70B865-BD83-492A-9ABC-15381EEA7EB9}
	EndGlobalSection
EndGlobal
